
Microsoft Visual Studio Solution File, Format Version 12.00
# Visual Studio Version 17
VisualStudioVersion = 17.14.36429.23
MinimumVisualStudioVersion = 10.0.40219.1
Project("{2150E333-8FDC-42A3-9474-1A3956D46DE8}") = "Task0", "Task0", "{02EA681E-C7D8-13C7-8484-4AC65E1B71E8}"
EndProject
Project("{2150E333-8FDC-42A3-9474-1A3956D46DE8}") = "Task1", "Task1", "{307E0ED6-D05B-4F6B-B129-101306A3FC22}"
EndProject
Project("{FAE04EC0-301F-11D3-BF4B-00C04F79EFBC}") = "Tyuiu.GoryaevTT.Sprint0.Task0", "Tyuiu.GoryaevTT.Sprint0.Task0\Tyuiu.GoryaevTT.Sprint0.Task0.csproj", "{1A01894B-21B1-4C9D-984C-A6A6103CD80D}"
EndProject
Project("{FAE04EC0-301F-11D3-BF4B-00C04F79EFBC}") = "Tyuiu.GoryaevTT.Sprint0.Task1", "Tyuiu.GoryaevTT.Sprint0.Task1\Tyuiu.GoryaevTT.Sprint0.Task1.csproj", "{A0B7BBC7-EF6B-4BEA-9A1A-A121BBCED1D9}"
EndProject
Project("{2150E333-8FDC-42A3-9474-1A3956D46DE8}") = "Task2", "Task2", "{27E804C5-6DED-4FF9-A6B2-39B3D047EF36}"
EndProject
Project("{FAE04EC0-301F-11D3-BF4B-00C04F79EFBC}") = "Tuyiu.GoryaevTT.Sprint0.Task2", "Tuyiu.GoryaevTT.Sprint0.Task2\Tuyiu.GoryaevTT.Sprint0.Task2.csproj", "{0D249D6F-9286-4B7F-8CCB-5A3360E4E770}"
EndProject
Project("{FAE04EC0-301F-11D3-BF4B-00C04F79EFBC}") = "Tuyiu.GoryaevTT.Sprint0.Task2.lib", "Tuyiu.GoryaevTT.Sprint0.Task2.lib\Tuyiu.GoryaevTT.Sprint0.Task2.lib.csproj", "{444F0579-7324-4701-B7D8-4B522AE84596}"
EndProject
Project("{FAE04EC0-301F-11D3-BF4B-00C04F79EFBC}") = "Tuyiu.GoryaevTT.Sprint0.Task2.test", "Tuyiu.GoryaevTT.Sprint0.Task2.test\Tuyiu.GoryaevTT.Sprint0.Task2.test.csproj", "{9C9BB1B7-BBD2-41F4-AAC2-8BD1EC31152D}"
EndProject
Project("{2150E333-8FDC-42A3-9474-1A3956D46DE8}") = "Task3", "Task3", "{FE1AE93F-21D9-4C55-9F84-931BBC86F106}"
EndProject
Project("{FAE04EC0-301F-11D3-BF4B-00C04F79EFBC}") = "Tyuiu.GoryaevTT.Sprint0.Task3", "Tyuiu.GoryaevTT.Sprint0.Task3\Tyuiu.GoryaevTT.Sprint0.Task3.csproj", "{8370064A-7F51-460D-9C08-B86C0D25F9C1}"
EndProject
Project("{FAE04EC0-301F-11D3-BF4B-00C04F79EFBC}") = "Tyuiu.GoryaevTT.Sprint0.Task3.test", "Tyuiu.GoryaevTT.Sprint0.Task3.test\Tyuiu.GoryaevTT.Sprint0.Task3.test.csproj", "{48481523-034C-40CE-BCE1-73DBE3A19A8B}"
EndProject
Project("{FAE04EC0-301F-11D3-BF4B-00C04F79EFBC}") = "Tyuiu.GoryaevTT.Sprint0.Task3.lib", "Tyuiu.GoryaevTT.Sprint0.Task3.lib\Tyuiu.GoryaevTT.Sprint0.Task3.lib.csproj", "{1F2DA8F9-48D7-49C0-86B9-98A3E5CD0B46}"
EndProject
Project("{2150E333-8FDC-42A3-9474-1A3956D46DE8}") = "Task4", "Task4", "{471AE176-C883-4001-A9A5-8CBDC521962F}"
EndProject
Project("{FAE04EC0-301F-11D3-BF4B-00C04F79EFBC}") = "Tyuiu.GoryaevTT.Sprint0.Task4", "Tyuiu.GoryaevTT.Sprint0.Task4\Tyuiu.GoryaevTT.Sprint0.Task4.csproj", "{CA75FE8F-E07D-4774-B3AA-830A99A32597}"
EndProject
Project("{FAE04EC0-301F-11D3-BF4B-00C04F79EFBC}") = "Tyuiu.GoryaevTT.Sprint0.Task4.lib", "Tyuiu.GoryaevTT.Sprint0.Task4.lib\Tyuiu.GoryaevTT.Sprint0.Task4.lib.csproj", "{38BDAD9B-F031-4123-BF6A-DF39134C145E}"
EndProject
Project("{FAE04EC0-301F-11D3-BF4B-00C04F79EFBC}") = "Tyuiu.GoryaevTT.Sprint0.Task4.test", "Tyuiu.GoryaevTT.Sprint0.Task4.test\Tyuiu.GoryaevTT.Sprint0.Task4.test.csproj", "{283A90BC-D406-459A-A1C5-23F9652234EA}"
EndProject
Project("{2150E333-8FDC-42A3-9474-1A3956D46DE8}") = "Task5", "Task5", "{ED064B1A-C009-4064-A953-4F53519A1B03}"
EndProject
Project("{FAE04EC0-301F-11D3-BF4B-00C04F79EFBC}") = "Tyuiu.GoryaevTT.Sprint0.Task5", "Tyuiu.GoryaevTT.Sprint0.Task5\Tyuiu.GoryaevTT.Sprint0.Task5.csproj", "{857CA81D-83A5-482A-9F2E-009F30BF2767}"
EndProject
Project("{FAE04EC0-301F-11D3-BF4B-00C04F79EFBC}") = "Tyuiu.GoryaevTT.Sprint0.Task5.test", "Tyuiu.GoryaevTT.Sprint0.Task5.test\Tyuiu.GoryaevTT.Sprint0.Task5.test.csproj", "{D375008C-678C-4D86-AC9C-2F0539D3E468}"
EndProject
Project("{FAE04EC0-301F-11D3-BF4B-00C04F79EFBC}") = "Tyuiu.GoryaevTT.Sprint0.Task5.lib", "Tyuiu.GoryaevTT.Sprint0.Task5.lib\Tyuiu.GoryaevTT.Sprint0.Task5.lib.csproj", "{5FD10CF6-4848-491D-BA41-5E3AAEEDDE68}"
EndProject
Global
	GlobalSection(SolutionConfigurationPlatforms) = preSolution
		Debug|Any CPU = Debug|Any CPU
		Release|Any CPU = Release|Any CPU
	EndGlobalSection
	GlobalSection(ProjectConfigurationPlatforms) = postSolution
		{1A01894B-21B1-4C9D-984C-A6A6103CD80D}.Debug|Any CPU.ActiveCfg = Debug|Any CPU
		{1A01894B-21B1-4C9D-984C-A6A6103CD80D}.Debug|Any CPU.Build.0 = Debug|Any CPU
		{1A01894B-21B1-4C9D-984C-A6A6103CD80D}.Release|Any CPU.ActiveCfg = Release|Any CPU
		{1A01894B-21B1-4C9D-984C-A6A6103CD80D}.Release|Any CPU.Build.0 = Release|Any CPU
		{A0B7BBC7-EF6B-4BEA-9A1A-A121BBCED1D9}.Debug|Any CPU.ActiveCfg = Debug|Any CPU
		{A0B7BBC7-EF6B-4BEA-9A1A-A121BBCED1D9}.Debug|Any CPU.Build.0 = Debug|Any CPU
		{A0B7BBC7-EF6B-4BEA-9A1A-A121BBCED1D9}.Release|Any CPU.ActiveCfg = Release|Any CPU
		{A0B7BBC7-EF6B-4BEA-9A1A-A121BBCED1D9}.Release|Any CPU.Build.0 = Release|Any CPU
		{0D249D6F-9286-4B7F-8CCB-5A3360E4E770}.Debug|Any CPU.ActiveCfg = Debug|Any CPU
		{0D249D6F-9286-4B7F-8CCB-5A3360E4E770}.Debug|Any CPU.Build.0 = Debug|Any CPU
		{0D249D6F-9286-4B7F-8CCB-5A3360E4E770}.Release|Any CPU.ActiveCfg = Release|Any CPU
		{0D249D6F-9286-4B7F-8CCB-5A3360E4E770}.Release|Any CPU.Build.0 = Release|Any CPU
		{444F0579-7324-4701-B7D8-4B522AE84596}.Debug|Any CPU.ActiveCfg = Debug|Any CPU
		{444F0579-7324-4701-B7D8-4B522AE84596}.Debug|Any CPU.Build.0 = Debug|Any CPU
		{444F0579-7324-4701-B7D8-4B522AE84596}.Release|Any CPU.ActiveCfg = Release|Any CPU
		{444F0579-7324-4701-B7D8-4B522AE84596}.Release|Any CPU.Build.0 = Release|Any CPU
		{9C9BB1B7-BBD2-41F4-AAC2-8BD1EC31152D}.Debug|Any CPU.ActiveCfg = Debug|Any CPU
		{9C9BB1B7-BBD2-41F4-AAC2-8BD1EC31152D}.Debug|Any CPU.Build.0 = Debug|Any CPU
		{9C9BB1B7-BBD2-41F4-AAC2-8BD1EC31152D}.Release|Any CPU.ActiveCfg = Release|Any CPU
		{9C9BB1B7-BBD2-41F4-AAC2-8BD1EC31152D}.Release|Any CPU.Build.0 = Release|Any CPU
		{8370064A-7F51-460D-9C08-B86C0D25F9C1}.Debug|Any CPU.ActiveCfg = Debug|Any CPU
		{8370064A-7F51-460D-9C08-B86C0D25F9C1}.Debug|Any CPU.Build.0 = Debug|Any CPU
		{8370064A-7F51-460D-9C08-B86C0D25F9C1}.Release|Any CPU.ActiveCfg = Release|Any CPU
		{8370064A-7F51-460D-9C08-B86C0D25F9C1}.Release|Any CPU.Build.0 = Release|Any CPU
		{48481523-034C-40CE-BCE1-73DBE3A19A8B}.Debug|Any CPU.ActiveCfg = Debug|Any CPU
		{48481523-034C-40CE-BCE1-73DBE3A19A8B}.Debug|Any CPU.Build.0 = Debug|Any CPU
		{48481523-034C-40CE-BCE1-73DBE3A19A8B}.Release|Any CPU.ActiveCfg = Release|Any CPU
		{48481523-034C-40CE-BCE1-73DBE3A19A8B}.Release|Any CPU.Build.0 = Release|Any CPU
		{1F2DA8F9-48D7-49C0-86B9-98A3E5CD0B46}.Debug|Any CPU.ActiveCfg = Debug|Any CPU
		{1F2DA8F9-48D7-49C0-86B9-98A3E5CD0B46}.Debug|Any CPU.Build.0 = Debug|Any CPU
		{1F2DA8F9-48D7-49C0-86B9-98A3E5CD0B46}.Release|Any CPU.ActiveCfg = Release|Any CPU
		{1F2DA8F9-48D7-49C0-86B9-98A3E5CD0B46}.Release|Any CPU.Build.0 = Release|Any CPU
		{CA75FE8F-E07D-4774-B3AA-830A99A32597}.Debug|Any CPU.ActiveCfg = Debug|Any CPU
		{CA75FE8F-E07D-4774-B3AA-830A99A32597}.Debug|Any CPU.Build.0 = Debug|Any CPU
		{CA75FE8F-E07D-4774-B3AA-830A99A32597}.Release|Any CPU.ActiveCfg = Release|Any CPU
		{CA75FE8F-E07D-4774-B3AA-830A99A32597}.Release|Any CPU.Build.0 = Release|Any CPU
		{38BDAD9B-F031-4123-BF6A-DF39134C145E}.Debug|Any CPU.ActiveCfg = Debug|Any CPU
		{38BDAD9B-F031-4123-BF6A-DF39134C145E}.Debug|Any CPU.Build.0 = Debug|Any CPU
		{38BDAD9B-F031-4123-BF6A-DF39134C145E}.Release|Any CPU.ActiveCfg = Release|Any CPU
		{38BDAD9B-F031-4123-BF6A-DF39134C145E}.Release|Any CPU.Build.0 = Release|Any CPU
		{283A90BC-D406-459A-A1C5-23F9652234EA}.Debug|Any CPU.ActiveCfg = Debug|Any CPU
		{283A90BC-D406-459A-A1C5-23F9652234EA}.Debug|Any CPU.Build.0 = Debug|Any CPU
		{283A90BC-D406-459A-A1C5-23F9652234EA}.Release|Any CPU.ActiveCfg = Release|Any CPU
		{283A90BC-D406-459A-A1C5-23F9652234EA}.Release|Any CPU.Build.0 = Release|Any CPU
		{857CA81D-83A5-482A-9F2E-009F30BF2767}.Debug|Any CPU.ActiveCfg = Debug|Any CPU
		{857CA81D-83A5-482A-9F2E-009F30BF2767}.Debug|Any CPU.Build.0 = Debug|Any CPU
		{857CA81D-83A5-482A-9F2E-009F30BF2767}.Release|Any CPU.ActiveCfg = Release|Any CPU
		{857CA81D-83A5-482A-9F2E-009F30BF2767}.Release|Any CPU.Build.0 = Release|Any CPU
		{D375008C-678C-4D86-AC9C-2F0539D3E468}.Debug|Any CPU.ActiveCfg = Debug|Any CPU
		{D375008C-678C-4D86-AC9C-2F0539D3E468}.Debug|Any CPU.Build.0 = Debug|Any CPU
		{D375008C-678C-4D86-AC9C-2F0539D3E468}.Release|Any CPU.ActiveCfg = Release|Any CPU
		{D375008C-678C-4D86-AC9C-2F0539D3E468}.Release|Any CPU.Build.0 = Release|Any CPU
		{5FD10CF6-4848-491D-BA41-5E3AAEEDDE68}.Debug|Any CPU.ActiveCfg = Debug|Any CPU
		{5FD10CF6-4848-491D-BA41-5E3AAEEDDE68}.Debug|Any CPU.Build.0 = Debug|Any CPU
		{5FD10CF6-4848-491D-BA41-5E3AAEEDDE68}.Release|Any CPU.ActiveCfg = Release|Any CPU
		{5FD10CF6-4848-491D-BA41-5E3AAEEDDE68}.Release|Any CPU.Build.0 = Release|Any CPU
	EndGlobalSection
	GlobalSection(SolutionProperties) = preSolution
		HideSolutionNode = FALSE
	EndGlobalSection
	GlobalSection(NestedProjects) = preSolution
		{1A01894B-21B1-4C9D-984C-A6A6103CD80D} = {02EA681E-C7D8-13C7-8484-4AC65E1B71E8}
		{A0B7BBC7-EF6B-4BEA-9A1A-A121BBCED1D9} = {307E0ED6-D05B-4F6B-B129-101306A3FC22}
		{0D249D6F-9286-4B7F-8CCB-5A3360E4E770} = {27E804C5-6DED-4FF9-A6B2-39B3D047EF36}
		{444F0579-7324-4701-B7D8-4B522AE84596} = {27E804C5-6DED-4FF9-A6B2-39B3D047EF36}
		{9C9BB1B7-BBD2-41F4-AAC2-8BD1EC31152D} = {27E804C5-6DED-4FF9-A6B2-39B3D047EF36}
		{8370064A-7F51-460D-9C08-B86C0D25F9C1} = {FE1AE93F-21D9-4C55-9F84-931BBC86F106}
		{48481523-034C-40CE-BCE1-73DBE3A19A8B} = {FE1AE93F-21D9-4C55-9F84-931BBC86F106}
		{1F2DA8F9-48D7-49C0-86B9-98A3E5CD0B46} = {FE1AE93F-21D9-4C55-9F84-931BBC86F106}
		{CA75FE8F-E07D-4774-B3AA-830A99A32597} = {471AE176-C883-4001-A9A5-8CBDC521962F}
		{38BDAD9B-F031-4123-BF6A-DF39134C145E} = {471AE176-C883-4001-A9A5-8CBDC521962F}
		{283A90BC-D406-459A-A1C5-23F9652234EA} = {471AE176-C883-4001-A9A5-8CBDC521962F}
		{857CA81D-83A5-482A-9F2E-009F30BF2767} = {ED064B1A-C009-4064-A953-4F53519A1B03}
		{D375008C-678C-4D86-AC9C-2F0539D3E468} = {ED064B1A-C009-4064-A953-4F53519A1B03}
		{5FD10CF6-4848-491D-BA41-5E3AAEEDDE68} = {ED064B1A-C009-4064-A953-4F53519A1B03}
	EndGlobalSection
	GlobalSection(ExtensibilityGlobals) = postSolution
		SolutionGuid = {3C2C3D1E-E390-4CB9-B04B-8235B5088DE5}
	EndGlobalSection
EndGlobal
