
Microsoft Visual Studio Solution File, Format Version 12.00
# Visual Studio Version 17
VisualStudioVersion = 17.14.36429.23
MinimumVisualStudioVersion = 10.0.40219.1
Project("{2150E333-8FDC-42A3-9474-1A3956D46DE8}") = "Task0", "Task0", "{02EA681E-C7D8-13C7-8484-4AC65E1B71E8}"
EndProject
Project("{2150E333-8FDC-42A3-9474-1A3956D46DE8}") = "Task1", "Task1", "{307E0ED6-D05B-4F6B-B129-101306A3FC22}"
EndProject
Project("{FAE04EC0-301F-11D3-BF4B-00C04F79EFBC}") = "Tyuiu.GoryaevTT.Sprint0.Task0", "Tyuiu.GoryaevTT.Sprint0.Task0\Tyuiu.GoryaevTT.Sprint0.Task0.csproj", "{1A01894B-21B1-4C9D-984C-A6A6103CD80D}"
EndProject
Project("{FAE04EC0-301F-11D3-BF4B-00C04F79EFBC}") = "Tyuiu.GoryaevTT.Sprint0.Task1", "Tyuiu.GoryaevTT.Sprint0.Task1\Tyuiu.GoryaevTT.Sprint0.Task1.csproj", "{A0B7BBC7-EF6B-4BEA-9A1A-A121BBCED1D9}"
EndProject
Project("{2150E333-8FDC-42A3-9474-1A3956D46DE8}") = "Task2", "Task2", "{27E804C5-6DED-4FF9-A6B2-39B3D047EF36}"
EndProject
Project("{FAE04EC0-301F-11D3-BF4B-00C04F79EFBC}") = "Tuyiu.GoryaevTT.Sprint0.Task2", "Tuyiu.GoryaevTT.Sprint0.Task2\Tuyiu.GoryaevTT.Sprint0.Task2.csproj", "{0D249D6F-9286-4B7F-8CCB-5A3360E4E770}"
EndProject
Project("{FAE04EC0-301F-11D3-BF4B-00C04F79EFBC}") = "Tuyiu.GoryaevTT.Sprint0.Task2.lib", "Tuyiu.GoryaevTT.Sprint0.Task2.lib\Tuyiu.GoryaevTT.Sprint0.Task2.lib.csproj", "{444F0579-7324-4701-B7D8-4B522AE84596}"
EndProject
Project("{FAE04EC0-301F-11D3-BF4B-00C04F79EFBC}") = "Tuyiu.GoryaevTT.Sprint0.Task2.test", "Tuyiu.GoryaevTT.Sprint0.Task2.test\Tuyiu.GoryaevTT.Sprint0.Task2.test.csproj", "{9C9BB1B7-BBD2-41F4-AAC2-8BD1EC31152D}"
EndProject
Project("{2150E333-8FDC-42A3-9474-1A3956D46DE8}") = "Task3", "Task3", "{FE1AE93F-21D9-4C55-9F84-931BBC86F106}"
EndProject
Project("{FAE04EC0-301F-11D3-BF4B-00C04F79EFBC}") = "Tyuiu.GoryaevTT.Sprint0.Task3", "Tyuiu.GoryaevTT.Sprint0.Task3\Tyuiu.GoryaevTT.Sprint0.Task3.csproj", "{8370064A-7F51-460D-9C08-B86C0D25F9C1}"
EndProject
Project("{FAE04EC0-301F-11D3-BF4B-00C04F79EFBC}") = "Tyuiu.GoryaevTT.Sprint0.Task3.test", "Tyuiu.GoryaevTT.Sprint0.Task3.test\Tyuiu.GoryaevTT.Sprint0.Task3.test.csproj", "{48481523-034C-40CE-BCE1-73DBE3A19A8B}"
EndProject
Project("{FAE04EC0-301F-11D3-BF4B-00C04F79EFBC}") = "Tyuiu.GoryaevTT.Sprint0.Task3.lib", "Tyuiu.GoryaevTT.Sprint0.Task3.lib\Tyuiu.GoryaevTT.Sprint0.Task3.lib.csproj", "{1F2DA8F9-48D7-49C0-86B9-98A3E5CD0B46}"
EndProject
Global
	GlobalSection(SolutionConfigurationPlatforms) = preSolution
		Debug|Any CPU = Debug|Any CPU
		Release|Any CPU = Release|Any CPU
	EndGlobalSection
	GlobalSection(ProjectConfigurationPlatforms) = postSolution
		{1A01894B-21B1-4C9D-984C-A6A6103CD80D}.Debug|Any CPU.ActiveCfg = Debug|Any CPU
		{1A01894B-21B1-4C9D-984C-A6A6103CD80D}.Debug|Any CPU.Build.0 = Debug|Any CPU
		{1A01894B-21B1-4C9D-984C-A6A6103CD80D}.Release|Any CPU.ActiveCfg = Release|Any CPU
		{1A01894B-21B1-4C9D-984C-A6A6103CD80D}.Release|Any CPU.Build.0 = Release|Any CPU
		{A0B7BBC7-EF6B-4BEA-9A1A-A121BBCED1D9}.Debug|Any CPU.ActiveCfg = Debug|Any CPU
		{A0B7BBC7-EF6B-4BEA-9A1A-A121BBCED1D9}.Debug|Any CPU.Build.0 = Debug|Any CPU
		{A0B7BBC7-EF6B-4BEA-9A1A-A121BBCED1D9}.Release|Any CPU.ActiveCfg = Release|Any CPU
		{A0B7BBC7-EF6B-4BEA-9A1A-A121BBCED1D9}.Release|Any CPU.Build.0 = Release|Any CPU
		{0D249D6F-9286-4B7F-8CCB-5A3360E4E770}.Debug|Any CPU.ActiveCfg = Debug|Any CPU
		{0D249D6F-9286-4B7F-8CCB-5A3360E4E770}.Debug|Any CPU.Build.0 = Debug|Any CPU
		{0D249D6F-9286-4B7F-8CCB-5A3360E4E770}.Release|Any CPU.ActiveCfg = Release|Any CPU
		{0D249D6F-9286-4B7F-8CCB-5A3360E4E770}.Release|Any CPU.Build.0 = Release|Any CPU
		{444F0579-7324-4701-B7D8-4B522AE84596}.Debug|Any CPU.ActiveCfg = Debug|Any CPU
		{444F0579-7324-4701-B7D8-4B522AE84596}.Debug|Any CPU.Build.0 = Debug|Any CPU
		{444F0579-7324-4701-B7D8-4B522AE84596}.Release|Any CPU.ActiveCfg = Release|Any CPU
		{444F0579-7324-4701-B7D8-4B522AE84596}.Release|Any CPU.Build.0 = Release|Any CPU
		{9C9BB1B7-BBD2-41F4-AAC2-8BD1EC31152D}.Debug|Any CPU.ActiveCfg = Debug|Any CPU
		{9C9BB1B7-BBD2-41F4-AAC2-8BD1EC31152D}.Debug|Any CPU.Build.0 = Debug|Any CPU
		{9C9BB1B7-BBD2-41F4-AAC2-8BD1EC31152D}.Release|Any CPU.ActiveCfg = Release|Any CPU
		{9C9BB1B7-BBD2-41F4-AAC2-8BD1EC31152D}.Release|Any CPU.Build.0 = Release|Any CPU
		{8370064A-7F51-460D-9C08-B86C0D25F9C1}.Debug|Any CPU.ActiveCfg = Debug|Any CPU
		{8370064A-7F51-460D-9C08-B86C0D25F9C1}.Debug|Any CPU.Build.0 = Debug|Any CPU
		{8370064A-7F51-460D-9C08-B86C0D25F9C1}.Release|Any CPU.ActiveCfg = Release|Any CPU
		{8370064A-7F51-460D-9C08-B86C0D25F9C1}.Release|Any CPU.Build.0 = Release|Any CPU
		{48481523-034C-40CE-BCE1-73DBE3A19A8B}.Debug|Any CPU.ActiveCfg = Debug|Any CPU
		{48481523-034C-40CE-BCE1-73DBE3A19A8B}.Debug|Any CPU.Build.0 = Debug|Any CPU
		{48481523-034C-40CE-BCE1-73DBE3A19A8B}.Release|Any CPU.ActiveCfg = Release|Any CPU
		{48481523-034C-40CE-BCE1-73DBE3A19A8B}.Release|Any CPU.Build.0 = Release|Any CPU
		{1F2DA8F9-48D7-49C0-86B9-98A3E5CD0B46}.Debug|Any CPU.ActiveCfg = Debug|Any CPU
		{1F2DA8F9-48D7-49C0-86B9-98A3E5CD0B46}.Debug|Any CPU.Build.0 = Debug|Any CPU
		{1F2DA8F9-48D7-49C0-86B9-98A3E5CD0B46}.Release|Any CPU.ActiveCfg = Release|Any CPU
		{1F2DA8F9-48D7-49C0-86B9-98A3E5CD0B46}.Release|Any CPU.Build.0 = Release|Any CPU
	EndGlobalSection
	GlobalSection(SolutionProperties) = preSolution
		HideSolutionNode = FALSE
	EndGlobalSection
	GlobalSection(NestedProjects) = preSolution
		{1A01894B-21B1-4C9D-984C-A6A6103CD80D} = {02EA681E-C7D8-13C7-8484-4AC65E1B71E8}
		{A0B7BBC7-EF6B-4BEA-9A1A-A121BBCED1D9} = {307E0ED6-D05B-4F6B-B129-101306A3FC22}
		{0D249D6F-9286-4B7F-8CCB-5A3360E4E770} = {27E804C5-6DED-4FF9-A6B2-39B3D047EF36}
		{444F0579-7324-4701-B7D8-4B522AE84596} = {27E804C5-6DED-4FF9-A6B2-39B3D047EF36}
		{9C9BB1B7-BBD2-41F4-AAC2-8BD1EC31152D} = {27E804C5-6DED-4FF9-A6B2-39B3D047EF36}
		{8370064A-7F51-460D-9C08-B86C0D25F9C1} = {FE1AE93F-21D9-4C55-9F84-931BBC86F106}
		{48481523-034C-40CE-BCE1-73DBE3A19A8B} = {FE1AE93F-21D9-4C55-9F84-931BBC86F106}
		{1F2DA8F9-48D7-49C0-86B9-98A3E5CD0B46} = {FE1AE93F-21D9-4C55-9F84-931BBC86F106}
	EndGlobalSection
	GlobalSection(ExtensibilityGlobals) = postSolution
		SolutionGuid = {3C2C3D1E-E390-4CB9-B04B-8235B5088DE5}
	EndGlobalSection
EndGlobal
